
Microsoft Visual Studio Solution File, Format Version 12.00
# Visual Studio Version 17
VisualStudioVersion = 17.3.32819.101
MinimumVisualStudioVersion = 10.0.40219.1
Project("{FAE04EC0-301F-11D3-BF4B-00C04F79EFBC}") = "Lab2", "Lab2\Lab2.csproj", "{4ABA6FE4-6D21-4598-8257-140A37B56179}"
EndProject
Global
	GlobalSection(SolutionConfigurationPlatforms) = preSolution
		Debug|Any CPU = Debug|Any CPU
		Release|Any CPU = Release|Any CPU
	EndGlobalSection
	GlobalSection(ProjectConfigurationPlatforms) = postSolution
		{4ABA6FE4-6D21-4598-8257-140A37B56179}.Debug|Any CPU.ActiveCfg = Debug|Any CPU
		{4ABA6FE4-6D21-4598-8257-140A37B56179}.Debug|Any CPU.Build.0 = Debug|Any CPU
		{4ABA6FE4-6D21-4598-8257-140A37B56179}.Release|Any CPU.ActiveCfg = Release|Any CPU
		{4ABA6FE4-6D21-4598-8257-140A37B56179}.Release|Any CPU.Build.0 = Release|Any CPU
	EndGlobalSection
	GlobalSection(SolutionProperties) = preSolution
		HideSolutionNode = FALSE
	EndGlobalSection
	GlobalSection(ExtensibilityGlobals) = postSolution
		SolutionGuid = {F4C9556A-9804-453E-941E-80936E542537}
	EndGlobalSection
EndGlobal
